
Microsoft Visual Studio Solution File, Format Version 12.00
# Visual Studio Version 16
VisualStudioVersion = 16.0.31105.61
MinimumVisualStudioVersion = 10.0.40219.1
Project("{FAE04EC0-301F-11D3-BF4B-00C04F79EFBC}") = "TwinApp", "TwinApp\TwinApp.csproj", "{778B65F3-A5B8-49B8-AC07-ED40BF2E8F85}"
EndProject
Project("{FAE04EC0-301F-11D3-BF4B-00C04F79EFBC}") = "TwinAppTest", "TwinAppTest\TwinAppTest.csproj", "{2322B14A-F740-4923-97B8-C0F51A51E9FD}"
EndProject
Global
	GlobalSection(SolutionConfigurationPlatforms) = preSolution
		Debug|Any CPU = Debug|Any CPU
		Release|Any CPU = Release|Any CPU
	EndGlobalSection
	GlobalSection(ProjectConfigurationPlatforms) = postSolution
		{778B65F3-A5B8-49B8-AC07-ED40BF2E8F85}.Debug|Any CPU.ActiveCfg = Debug|Any CPU
		{778B65F3-A5B8-49B8-AC07-ED40BF2E8F85}.Debug|Any CPU.Build.0 = Debug|Any CPU
		{778B65F3-A5B8-49B8-AC07-ED40BF2E8F85}.Release|Any CPU.ActiveCfg = Release|Any CPU
		{778B65F3-A5B8-49B8-AC07-ED40BF2E8F85}.Release|Any CPU.Build.0 = Release|Any CPU
		{2322B14A-F740-4923-97B8-C0F51A51E9FD}.Debug|Any CPU.ActiveCfg = Debug|Any CPU
		{2322B14A-F740-4923-97B8-C0F51A51E9FD}.Debug|Any CPU.Build.0 = Debug|Any CPU
		{2322B14A-F740-4923-97B8-C0F51A51E9FD}.Release|Any CPU.ActiveCfg = Release|Any CPU
		{2322B14A-F740-4923-97B8-C0F51A51E9FD}.Release|Any CPU.Build.0 = Release|Any CPU
	EndGlobalSection
	GlobalSection(SolutionProperties) = preSolution
		HideSolutionNode = FALSE
	EndGlobalSection
	GlobalSection(ExtensibilityGlobals) = postSolution
		SolutionGuid = {F98FBB74-2709-45B1-9B7A-5D796C7B0880}
	EndGlobalSection
EndGlobal
