
Microsoft Visual Studio Solution File, Format Version 12.00
# Visual Studio Version 16
VisualStudioVersion = 16.0.30907.101
MinimumVisualStudioVersion = 10.0.40219.1
Project("{9A19103F-16F7-4668-BE54-9A1E7A4F7556}") = "Abode.CLI", "Abode.CLI\Abode.CLI.csproj", "{C77BFCCE-F8CC-4FCB-B87C-AFB17952DAEC}"
EndProject
Project("{FAE04EC0-301F-11D3-BF4B-00C04F79EFBC}") = "Abode.Domain", "Abode.Domain\Abode.Domain.csproj", "{3C062E9A-97F6-487E-AD71-B44B9F8A7933}"
EndProject
Project("{2150E333-8FDC-42A3-9474-1A3956D46DE8}") = "Abode.Models", "Abode.Models", "{EBDEC4F4-DF38-4212-AEF6-F1A8DFA7BC0C}"
	ProjectSection(SolutionItems) = preProject
		Abode.Models\Floor.json = Abode.Models\Floor.json
		Abode.Models\Room.json = Abode.Models\Room.json
		Space.json = Space.json
		Thermostat.json = Thermostat.json
	EndProjectSection
EndProject
Global
	GlobalSection(SolutionConfigurationPlatforms) = preSolution
		Debug|Any CPU = Debug|Any CPU
		Release|Any CPU = Release|Any CPU
	EndGlobalSection
	GlobalSection(ProjectConfigurationPlatforms) = postSolution
		{C77BFCCE-F8CC-4FCB-B87C-AFB17952DAEC}.Debug|Any CPU.ActiveCfg = Debug|Any CPU
		{C77BFCCE-F8CC-4FCB-B87C-AFB17952DAEC}.Debug|Any CPU.Build.0 = Debug|Any CPU
		{C77BFCCE-F8CC-4FCB-B87C-AFB17952DAEC}.Release|Any CPU.ActiveCfg = Release|Any CPU
		{C77BFCCE-F8CC-4FCB-B87C-AFB17952DAEC}.Release|Any CPU.Build.0 = Release|Any CPU
		{3C062E9A-97F6-487E-AD71-B44B9F8A7933}.Debug|Any CPU.ActiveCfg = Debug|Any CPU
		{3C062E9A-97F6-487E-AD71-B44B9F8A7933}.Debug|Any CPU.Build.0 = Debug|Any CPU
		{3C062E9A-97F6-487E-AD71-B44B9F8A7933}.Release|Any CPU.ActiveCfg = Release|Any CPU
		{3C062E9A-97F6-487E-AD71-B44B9F8A7933}.Release|Any CPU.Build.0 = Release|Any CPU
	EndGlobalSection
	GlobalSection(SolutionProperties) = preSolution
		HideSolutionNode = FALSE
	EndGlobalSection
	GlobalSection(ExtensibilityGlobals) = postSolution
		SolutionGuid = {45997359-64A0-4906-8725-B280D80C687C}
	EndGlobalSection
EndGlobal
